
Microsoft Visual Studio Solution File, Format Version 12.00
# Visual Studio Version 16
VisualStudioVersion = 16.0.29424.173
MinimumVisualStudioVersion = 10.0.40219.1
Project("{FAE04EC0-301F-11D3-BF4B-00C04F79EFBC}") = "Hoja1", "Hoja1\Hoja1.csproj", "{F6F3FD74-04E9-4500-9E14-76C89E61C731}"
EndProject
Global
	GlobalSection(SolutionConfigurationPlatforms) = preSolution
		Debug|Any CPU = Debug|Any CPU
		Release|Any CPU = Release|Any CPU
	EndGlobalSection
	GlobalSection(ProjectConfigurationPlatforms) = postSolution
		{F6F3FD74-04E9-4500-9E14-76C89E61C731}.Debug|Any CPU.ActiveCfg = Debug|Any CPU
		{F6F3FD74-04E9-4500-9E14-76C89E61C731}.Debug|Any CPU.Build.0 = Debug|Any CPU
		{F6F3FD74-04E9-4500-9E14-76C89E61C731}.Release|Any CPU.ActiveCfg = Release|Any CPU
		{F6F3FD74-04E9-4500-9E14-76C89E61C731}.Release|Any CPU.Build.0 = Release|Any CPU
	EndGlobalSection
	GlobalSection(SolutionProperties) = preSolution
		HideSolutionNode = FALSE
	EndGlobalSection
	GlobalSection(ExtensibilityGlobals) = postSolution
		SolutionGuid = {CE328B80-1CE5-4922-9A63-C394F0DACDC7}
	EndGlobalSection
EndGlobal
