
Microsoft Visual Studio Solution File, Format Version 12.00
# Visual Studio Version 16
VisualStudioVersion = 16.0.29424.173
MinimumVisualStudioVersion = 10.0.40219.1
Project("{FAE04EC0-301F-11D3-BF4B-00C04F79EFBC}") = "Hoja1", "Hoja1\Hoja1.csproj", "{9457B438-3E30-474C-ABA3-4F89F7353883}"
EndProject
Global
	GlobalSection(SolutionConfigurationPlatforms) = preSolution
		Debug|Any CPU = Debug|Any CPU
		Release|Any CPU = Release|Any CPU
	EndGlobalSection
	GlobalSection(ProjectConfigurationPlatforms) = postSolution
		{9457B438-3E30-474C-ABA3-4F89F7353883}.Debug|Any CPU.ActiveCfg = Debug|Any CPU
		{9457B438-3E30-474C-ABA3-4F89F7353883}.Debug|Any CPU.Build.0 = Debug|Any CPU
		{9457B438-3E30-474C-ABA3-4F89F7353883}.Release|Any CPU.ActiveCfg = Release|Any CPU
		{9457B438-3E30-474C-ABA3-4F89F7353883}.Release|Any CPU.Build.0 = Release|Any CPU
	EndGlobalSection
	GlobalSection(SolutionProperties) = preSolution
		HideSolutionNode = FALSE
	EndGlobalSection
	GlobalSection(ExtensibilityGlobals) = postSolution
		SolutionGuid = {5E387658-7F33-4226-A9C3-A76AD4BD9D10}
	EndGlobalSection
EndGlobal
