
Microsoft Visual Studio Solution File, Format Version 12.00
# Visual Studio Version 16
VisualStudioVersion = 16.0.29424.173
MinimumVisualStudioVersion = 10.0.40219.1
Project("{FAE04EC0-301F-11D3-BF4B-00C04F79EFBC}") = "Practica2", "Practica2\Practica2.csproj", "{527A2178-6B6D-4D66-A03D-ACAD70619C92}"
EndProject
Global
	GlobalSection(SolutionConfigurationPlatforms) = preSolution
		Debug|Any CPU = Debug|Any CPU
		Release|Any CPU = Release|Any CPU
	EndGlobalSection
	GlobalSection(ProjectConfigurationPlatforms) = postSolution
		{527A2178-6B6D-4D66-A03D-ACAD70619C92}.Debug|Any CPU.ActiveCfg = Debug|Any CPU
		{527A2178-6B6D-4D66-A03D-ACAD70619C92}.Debug|Any CPU.Build.0 = Debug|Any CPU
		{527A2178-6B6D-4D66-A03D-ACAD70619C92}.Release|Any CPU.ActiveCfg = Release|Any CPU
		{527A2178-6B6D-4D66-A03D-ACAD70619C92}.Release|Any CPU.Build.0 = Release|Any CPU
	EndGlobalSection
	GlobalSection(SolutionProperties) = preSolution
		HideSolutionNode = FALSE
	EndGlobalSection
	GlobalSection(ExtensibilityGlobals) = postSolution
		SolutionGuid = {57527123-CAE2-41C0-9870-20912710A37B}
	EndGlobalSection
EndGlobal
